// !$*UTF8*$!
{
	archiveVersion = 1;
	classes = {
	};
	objectVersion = 46;
	objects = {

/* Begin PBXBuildFile section */
		8EEE18A61E04433C00B40344 /* main.cpp in Sources */ = {isa = PBXBuildFile; fileRef = 8EEE18A51E04433C00B40344 /* main.cpp */; };
		8EEE18B11E0446DA00B40344 /* parser.cpp in Sources */ = {isa = PBXBuildFile; fileRef = 8EEE18AF1E0446DA00B40344 /* parser.cpp */; };
/* End PBXBuildFile section */

/* Begin PBXCopyFilesBuildPhase section */
		8EEE18A01E04433C00B40344 /* CopyFiles */ = {
			isa = PBXCopyFilesBuildPhase;
			buildActionMask = 2147483647;
			dstPath = /usr/share/man/man1/;
			dstSubfolderSpec = 0;
			files = (
			);
			runOnlyForDeploymentPostprocessing = 1;
		};
/* End PBXCopyFilesBuildPhase section */

/* Begin PBXFileReference section */
		8EEE18A21E04433C00B40344 /* armoRegex */ = {isa = PBXFileReference; explicitFileType = "compiled.mach-o.executable"; includeInIndex = 0; path = armoRegex; sourceTree = BUILT_PRODUCTS_DIR; };
		8EEE18A51E04433C00B40344 /* main.cpp */ = {isa = PBXFileReference; lastKnownFileType = sourcecode.cpp.cpp; path = main.cpp; sourceTree = "<group>"; };
		8EEE18AF1E0446DA00B40344 /* parser.cpp */ = {isa = PBXFileReference; fileEncoding = 4; lastKnownFileType = sourcecode.cpp.cpp; path = parser.cpp; sourceTree = "<group>"; };
		8EEE18B01E0446DA00B40344 /* parser.hpp */ = {isa = PBXFileReference; fileEncoding = 4; lastKnownFileType = sourcecode.cpp.h; path = parser.hpp; sourceTree = "<group>"; };
/* End PBXFileReference section */

/* Begin PBXFrameworksBuildPhase section */
		8EEE189F1E04433C00B40344 /* Frameworks */ = {
			isa = PBXFrameworksBuildPhase;
			buildActionMask = 2147483647;
			files = (
			);
			runOnlyForDeploymentPostprocessing = 0;
		};
/* End PBXFrameworksBuildPhase section */

/* Begin PBXGroup section */
		8EEE18991E04433C00B40344 = {
			isa = PBXGroup;
			children = (
				8EEE18A41E04433C00B40344 /* armoRegex */,
				8EEE18A31E04433C00B40344 /* Products */,
			);
			sourceTree = "<group>";
		};
		8EEE18A31E04433C00B40344 /* Products */ = {
			isa = PBXGroup;
			children = (
				8EEE18A21E04433C00B40344 /* armoRegex */,
			);
			name = Products;
			sourceTree = "<group>";
		};
		8EEE18A41E04433C00B40344 /* armoRegex */ = {
			isa = PBXGroup;
			children = (
				8EEE18A51E04433C00B40344 /* main.cpp */,
				8EEE18AF1E0446DA00B40344 /* parser.cpp */,
				8EEE18B01E0446DA00B40344 /* parser.hpp */,
				8EEE18AE1E04454B00B40344 /* infrastructure */,
				8EEE18AD1E04451400B40344 /* regexParser */,
				8EEE18AC1E0444C700B40344 /* test */,
			);
			path = armoRegex;
			sourceTree = "<group>";
		};
		8EEE18AC1E0444C700B40344 /* test */ = {
			isa = PBXGroup;
			children = (
			);
			name = test;
			sourceTree = "<group>";
		};
		8EEE18AD1E04451400B40344 /* regexParser */ = {
			isa = PBXGroup;
			children = (
			);
			name = regexParser;
			sourceTree = "<group>";
		};
		8EEE18AE1E04454B00B40344 /* infrastructure */ = {
			isa = PBXGroup;
			children = (
			);
			name = infrastructure;
			sourceTree = "<group>";
		};
/* End PBXGroup section */

/* Begin PBXNativeTarget section */
		8EEE18A11E04433C00B40344 /* armoRegex */ = {
			isa = PBXNativeTarget;
			buildConfigurationList = 8EEE18A91E04433C00B40344 /* Build configuration list for PBXNativeTarget "armoRegex" */;
			buildPhases = (
				8EEE189E1E04433C00B40344 /* Sources */,
				8EEE189F1E04433C00B40344 /* Frameworks */,
				8EEE18A01E04433C00B40344 /* CopyFiles */,
			);
			buildRules = (
			);
			dependencies = (
			);
			name = armoRegex;
			productName = armoRegex;
			productReference = 8EEE18A21E04433C00B40344 /* armoRegex */;
			productType = "com.apple.product-type.tool";
		};
/* End PBXNativeTarget section */

/* Begin PBXProject section */
		8EEE189A1E04433C00B40344 /* Project object */ = {
			isa = PBXProject;
			attributes = {
				LastUpgradeCheck = 0810;
				ORGANIZATIONNAME = MikiAlex;
				TargetAttributes = {
					8EEE18A11E04433C00B40344 = {
						CreatedOnToolsVersion = 8.1;
						ProvisioningStyle = Automatic;
					};
				};
			};
			buildConfigurationList = 8EEE189D1E04433C00B40344 /* Build configuration list for PBXProject "armoRegex" */;
			compatibilityVersion = "Xcode 3.2";
			developmentRegion = English;
			hasScannedForEncodings = 0;
			knownRegions = (
				en,
			);
			mainGroup = 8EEE18991E04433C00B40344;
			productRefGroup = 8EEE18A31E04433C00B40344 /* Products */;
			projectDirPath = "";
			projectRoot = "";
			targets = (
				8EEE18A11E04433C00B40344 /* armoRegex */,
			);
		};
/* End PBXProject section */

/* Begin PBXSourcesBuildPhase section */
		8EEE189E1E04433C00B40344 /* Sources */ = {
			isa = PBXSourcesBuildPhase;
			buildActionMask = 2147483647;
			files = (
				8EEE18B11E0446DA00B40344 /* parser.cpp in Sources */,
				8EEE18A61E04433C00B40344 /* main.cpp in Sources */,
			);
			runOnlyForDeploymentPostprocessing = 0;
		};
/* End PBXSourcesBuildPhase section */

/* Begin XCBuildConfiguration section */
		8EEE18A71E04433C00B40344 /* Debug */ = {
			isa = XCBuildConfiguration;
			buildSettings = {
				ALWAYS_SEARCH_USER_PATHS = NO;
				CLANG_ANALYZER_NONNULL = YES;
				CLANG_CXX_LANGUAGE_STANDARD = "gnu++0x";
				CLANG_CXX_LIBRARY = "libc++";
				CLANG_ENABLE_MODULES = YES;
				CLANG_ENABLE_OBJC_ARC = YES;
				CLANG_WARN_BOOL_CONVERSION = YES;
				CLANG_WARN_CONSTANT_CONVERSION = YES;
				CLANG_WARN_DIRECT_OBJC_ISA_USAGE = YES_ERROR;
				CLANG_WARN_DOCUMENTATION_COMMENTS = YES;
				CLANG_WARN_EMPTY_BODY = YES;
				CLANG_WARN_ENUM_CONVERSION = YES;
				CLANG_WARN_INFINITE_RECURSION = YES;
				CLANG_WARN_INT_CONVERSION = YES;
				CLANG_WARN_OBJC_ROOT_CLASS = YES_ERROR;
				CLANG_WARN_SUSPICIOUS_MOVES = YES;
				CLANG_WARN_UNREACHABLE_CODE = YES;
				CLANG_WARN__DUPLICATE_METHOD_MATCH = YES;
				CODE_SIGN_IDENTITY = "-";
				COPY_PHASE_STRIP = NO;
				DEBUG_INFORMATION_FORMAT = dwarf;
				ENABLE_STRICT_OBJC_MSGSEND = YES;
				ENABLE_TESTABILITY = YES;
				GCC_C_LANGUAGE_STANDARD = gnu99;
				GCC_DYNAMIC_NO_PIC = NO;
				GCC_NO_COMMON_BLOCKS = YES;
				GCC_OPTIMIZATION_LEVEL = 0;
				GCC_PREPROCESSOR_DEFINITIONS = (
					"DEBUG=1",
					"$(inherited)",
				);
				GCC_WARN_64_TO_32_BIT_CONVERSION = YES;
				GCC_WARN_ABOUT_RETURN_TYPE = YES_ERROR;
				GCC_WARN_UNDECLARED_SELECTOR = YES;
				GCC_WARN_UNINITIALIZED_AUTOS = YES_AGGRESSIVE;
				GCC_WARN_UNUSED_FUNCTION = YES;
				GCC_WARN_UNUSED_VARIABLE = YES;
				MACOSX_DEPLOYMENT_TARGET = 10.11;
				MTL_ENABLE_DEBUG_INFO = YES;
				ONLY_ACTIVE_ARCH = YES;
				SDKROOT = macosx;
			};
			name = Debug;
		};
		8EEE18A81E04433C00B40344 /* Release */ = {
			isa = XCBuildConfiguration;
			buildSettings = {
				ALWAYS_SEARCH_USER_PATHS = NO;
				CLANG_ANALYZER_NONNULL = YES;
				CLANG_CXX_LANGUAGE_STANDARD = "gnu++0x";
				CLANG_CXX_LIBRARY = "libc++";
				CLANG_ENABLE_MODULES = YES;
				CLANG_ENABLE_OBJC_ARC = YES;
				CLANG_WARN_BOOL_CONVERSION = YES;
				CLANG_WARN_CONSTANT_CONVERSION = YES;
				CLANG_WARN_DIRECT_OBJC_ISA_USAGE = YES_ERROR;
				CLANG_WARN_DOCUMENTATION_COMMENTS = YES;
				CLANG_WARN_EMPTY_BODY = YES;
				CLANG_WARN_ENUM_CONVERSION = YES;
				CLANG_WARN_INFINITE_RECURSION = YES;
				CLANG_WARN_INT_CONVERSION = YES;
				CLANG_WARN_OBJC_ROOT_CLASS = YES_ERROR;
				CLANG_WARN_SUSPICIOUS_MOVES = YES;
				CLANG_WARN_UNREACHABLE_CODE = YES;
				CLANG_WARN__DUPLICATE_METHOD_MATCH = YES;
				CODE_SIGN_IDENTITY = "-";
				COPY_PHASE_STRIP = NO;
				DEBUG_INFORMATION_FORMAT = "dwarf-with-dsym";
				ENABLE_NS_ASSERTIONS = NO;
				ENABLE_STRICT_OBJC_MSGSEND = YES;
				GCC_C_LANGUAGE_STANDARD = gnu99;
				GCC_NO_COMMON_BLOCKS = YES;
				GCC_WARN_64_TO_32_BIT_CONVERSION = YES;
				GCC_WARN_ABOUT_RETURN_TYPE = YES_ERROR;
				GCC_WARN_UNDECLARED_SELECTOR = YES;
				GCC_WARN_UNINITIALIZED_AUTOS = YES_AGGRESSIVE;
				GCC_WARN_UNUSED_FUNCTION = YES;
				GCC_WARN_UNUSED_VARIABLE = YES;
				MACOSX_DEPLOYMENT_TARGET = 10.11;
				MTL_ENABLE_DEBUG_INFO = NO;
				SDKROOT = macosx;
			};
			name = Release;
		};
		8EEE18AA1E04433C00B40344 /* Debug */ = {
			isa = XCBuildConfiguration;
			buildSettings = {
				PRODUCT_NAME = "$(TARGET_NAME)";
			};
			name = Debug;
		};
		8EEE18AB1E04433C00B40344 /* Release */ = {
			isa = XCBuildConfiguration;
			buildSettings = {
				PRODUCT_NAME = "$(TARGET_NAME)";
			};
			name = Release;
		};
/* End XCBuildConfiguration section */

/* Begin XCConfigurationList section */
		8EEE189D1E04433C00B40344 /* Build configuration list for PBXProject "armoRegex" */ = {
			isa = XCConfigurationList;
			buildConfigurations = (
				8EEE18A71E04433C00B40344 /* Debug */,
				8EEE18A81E04433C00B40344 /* Release */,
			);
			defaultConfigurationIsVisible = 0;
			defaultConfigurationName = Release;
		};
		8EEE18A91E04433C00B40344 /* Build configuration list for PBXNativeTarget "armoRegex" */ = {
			isa = XCConfigurationList;
			buildConfigurations = (
				8EEE18AA1E04433C00B40344 /* Debug */,
				8EEE18AB1E04433C00B40344 /* Release */,
			);
			defaultConfigurationIsVisible = 0;
		};
/* End XCConfigurationList section */
	};
	rootObject = 8EEE189A1E04433C00B40344 /* Project object */;
}
